
Microsoft Visual Studio Solution File, Format Version 11.00
# Visual Studio 2010
Project("{FAE04EC0-301F-11D3-BF4B-00C04F79EFBC}") = "AlloyTech", "EPiSimpleQueue.Web\AlloyTech.csproj", "{86592C94-5E09-417B-B1E2-AFDB757B24D4}"
EndProject
Project("{FAE04EC0-301F-11D3-BF4B-00C04F79EFBC}") = "EPiSimpleQueue", "EPiSimpleQueue\EPiSimpleQueue.csproj", "{84C34360-57C4-4523-9C83-A68F43839055}"
EndProject
Project("{FAE04EC0-301F-11D3-BF4B-00C04F79EFBC}") = "EPiSimpleQueue.Test", "EPiSimpleQueue.Test\EPiSimpleQueue.Test.csproj", "{63C35590-7A79-415D-B7FB-1CA686A87C9A}"
EndProject
Global
	GlobalSection(SolutionConfigurationPlatforms) = preSolution
		Debug|Any CPU = Debug|Any CPU
		Release|Any CPU = Release|Any CPU
	EndGlobalSection
	GlobalSection(ProjectConfigurationPlatforms) = postSolution
		{86592C94-5E09-417B-B1E2-AFDB757B24D4}.Debug|Any CPU.ActiveCfg = Debug|Any CPU
		{86592C94-5E09-417B-B1E2-AFDB757B24D4}.Debug|Any CPU.Build.0 = Debug|Any CPU
		{86592C94-5E09-417B-B1E2-AFDB757B24D4}.Release|Any CPU.ActiveCfg = Release|Any CPU
		{86592C94-5E09-417B-B1E2-AFDB757B24D4}.Release|Any CPU.Build.0 = Release|Any CPU
		{84C34360-57C4-4523-9C83-A68F43839055}.Debug|Any CPU.ActiveCfg = Debug|Any CPU
		{84C34360-57C4-4523-9C83-A68F43839055}.Debug|Any CPU.Build.0 = Debug|Any CPU
		{84C34360-57C4-4523-9C83-A68F43839055}.Release|Any CPU.ActiveCfg = Release|Any CPU
		{84C34360-57C4-4523-9C83-A68F43839055}.Release|Any CPU.Build.0 = Release|Any CPU
		{63C35590-7A79-415D-B7FB-1CA686A87C9A}.Debug|Any CPU.ActiveCfg = Debug|Any CPU
		{63C35590-7A79-415D-B7FB-1CA686A87C9A}.Debug|Any CPU.Build.0 = Debug|Any CPU
		{63C35590-7A79-415D-B7FB-1CA686A87C9A}.Release|Any CPU.ActiveCfg = Release|Any CPU
		{63C35590-7A79-415D-B7FB-1CA686A87C9A}.Release|Any CPU.Build.0 = Release|Any CPU
	EndGlobalSection
	GlobalSection(SolutionProperties) = preSolution
		HideSolutionNode = FALSE
	EndGlobalSection
EndGlobal
